
Microsoft Visual Studio Solution File, Format Version 12.00
# Visual Studio 15
VisualStudioVersion = 15.0.28307.539
MinimumVisualStudioVersion = 10.0.40219.1
Project("{FAE04EC0-301F-11D3-BF4B-00C04F79EFBC}") = "Lands.Android", "Lands\Lands.Android\Lands.Android.csproj", "{E840695E-E7DD-424C-B914-8B59FE771464}"
EndProject
Project("{FAE04EC0-301F-11D3-BF4B-00C04F79EFBC}") = "Lands.iOS", "Lands\Lands.iOS\Lands.iOS.csproj", "{864448A6-D7D3-451B-9E11-DF84505B660C}"
EndProject
Project("{FAE04EC0-301F-11D3-BF4B-00C04F79EFBC}") = "Lands", "Lands\Lands\Lands.csproj", "{108D7648-0B07-4349-BB18-599F93D7A55A}"
EndProject
Global
	GlobalSection(SolutionConfigurationPlatforms) = preSolution
		Ad-Hoc|Any CPU = Ad-Hoc|Any CPU
		Ad-Hoc|iPhone = Ad-Hoc|iPhone
		Ad-Hoc|iPhoneSimulator = Ad-Hoc|iPhoneSimulator
		AppStore|Any CPU = AppStore|Any CPU
		AppStore|iPhone = AppStore|iPhone
		AppStore|iPhoneSimulator = AppStore|iPhoneSimulator
		Debug|Any CPU = Debug|Any CPU
		Debug|iPhone = Debug|iPhone
		Debug|iPhoneSimulator = Debug|iPhoneSimulator
		Release|Any CPU = Release|Any CPU
		Release|iPhone = Release|iPhone
		Release|iPhoneSimulator = Release|iPhoneSimulator
	EndGlobalSection
	GlobalSection(ProjectConfigurationPlatforms) = postSolution
		{E840695E-E7DD-424C-B914-8B59FE771464}.Ad-Hoc|Any CPU.ActiveCfg = Release|Any CPU
		{E840695E-E7DD-424C-B914-8B59FE771464}.Ad-Hoc|Any CPU.Build.0 = Release|Any CPU
		{E840695E-E7DD-424C-B914-8B59FE771464}.Ad-Hoc|Any CPU.Deploy.0 = Release|Any CPU
		{E840695E-E7DD-424C-B914-8B59FE771464}.Ad-Hoc|iPhone.ActiveCfg = Release|Any CPU
		{E840695E-E7DD-424C-B914-8B59FE771464}.Ad-Hoc|iPhone.Build.0 = Release|Any CPU
		{E840695E-E7DD-424C-B914-8B59FE771464}.Ad-Hoc|iPhone.Deploy.0 = Release|Any CPU
		{E840695E-E7DD-424C-B914-8B59FE771464}.Ad-Hoc|iPhoneSimulator.ActiveCfg = Release|Any CPU
		{E840695E-E7DD-424C-B914-8B59FE771464}.Ad-Hoc|iPhoneSimulator.Build.0 = Release|Any CPU
		{E840695E-E7DD-424C-B914-8B59FE771464}.Ad-Hoc|iPhoneSimulator.Deploy.0 = Release|Any CPU
		{E840695E-E7DD-424C-B914-8B59FE771464}.AppStore|Any CPU.ActiveCfg = Release|Any CPU
		{E840695E-E7DD-424C-B914-8B59FE771464}.AppStore|Any CPU.Build.0 = Release|Any CPU
		{E840695E-E7DD-424C-B914-8B59FE771464}.AppStore|Any CPU.Deploy.0 = Release|Any CPU
		{E840695E-E7DD-424C-B914-8B59FE771464}.AppStore|iPhone.ActiveCfg = Release|Any CPU
		{E840695E-E7DD-424C-B914-8B59FE771464}.AppStore|iPhone.Build.0 = Release|Any CPU
		{E840695E-E7DD-424C-B914-8B59FE771464}.AppStore|iPhone.Deploy.0 = Release|Any CPU
		{E840695E-E7DD-424C-B914-8B59FE771464}.AppStore|iPhoneSimulator.ActiveCfg = Release|Any CPU
		{E840695E-E7DD-424C-B914-8B59FE771464}.AppStore|iPhoneSimulator.Build.0 = Release|Any CPU
		{E840695E-E7DD-424C-B914-8B59FE771464}.AppStore|iPhoneSimulator.Deploy.0 = Release|Any CPU
		{E840695E-E7DD-424C-B914-8B59FE771464}.Debug|Any CPU.ActiveCfg = Debug|Any CPU
		{E840695E-E7DD-424C-B914-8B59FE771464}.Debug|Any CPU.Build.0 = Debug|Any CPU
		{E840695E-E7DD-424C-B914-8B59FE771464}.Debug|Any CPU.Deploy.0 = Debug|Any CPU
		{E840695E-E7DD-424C-B914-8B59FE771464}.Debug|iPhone.ActiveCfg = Debug|Any CPU
		{E840695E-E7DD-424C-B914-8B59FE771464}.Debug|iPhone.Build.0 = Debug|Any CPU
		{E840695E-E7DD-424C-B914-8B59FE771464}.Debug|iPhone.Deploy.0 = Debug|Any CPU
		{E840695E-E7DD-424C-B914-8B59FE771464}.Debug|iPhoneSimulator.ActiveCfg = Debug|Any CPU
		{E840695E-E7DD-424C-B914-8B59FE771464}.Debug|iPhoneSimulator.Build.0 = Debug|Any CPU
		{E840695E-E7DD-424C-B914-8B59FE771464}.Debug|iPhoneSimulator.Deploy.0 = Debug|Any CPU
		{E840695E-E7DD-424C-B914-8B59FE771464}.Release|Any CPU.ActiveCfg = Release|Any CPU
		{E840695E-E7DD-424C-B914-8B59FE771464}.Release|Any CPU.Build.0 = Release|Any CPU
		{E840695E-E7DD-424C-B914-8B59FE771464}.Release|Any CPU.Deploy.0 = Release|Any CPU
		{E840695E-E7DD-424C-B914-8B59FE771464}.Release|iPhone.ActiveCfg = Release|Any CPU
		{E840695E-E7DD-424C-B914-8B59FE771464}.Release|iPhone.Build.0 = Release|Any CPU
		{E840695E-E7DD-424C-B914-8B59FE771464}.Release|iPhone.Deploy.0 = Release|Any CPU
		{E840695E-E7DD-424C-B914-8B59FE771464}.Release|iPhoneSimulator.ActiveCfg = Release|Any CPU
		{E840695E-E7DD-424C-B914-8B59FE771464}.Release|iPhoneSimulator.Build.0 = Release|Any CPU
		{E840695E-E7DD-424C-B914-8B59FE771464}.Release|iPhoneSimulator.Deploy.0 = Release|Any CPU
		{864448A6-D7D3-451B-9E11-DF84505B660C}.Ad-Hoc|Any CPU.ActiveCfg = Ad-Hoc|iPhone
		{864448A6-D7D3-451B-9E11-DF84505B660C}.Ad-Hoc|Any CPU.Build.0 = Ad-Hoc|iPhone
		{864448A6-D7D3-451B-9E11-DF84505B660C}.Ad-Hoc|Any CPU.Deploy.0 = Ad-Hoc|iPhone
		{864448A6-D7D3-451B-9E11-DF84505B660C}.Ad-Hoc|iPhone.ActiveCfg = Ad-Hoc|iPhone
		{864448A6-D7D3-451B-9E11-DF84505B660C}.Ad-Hoc|iPhone.Build.0 = Ad-Hoc|iPhone
		{864448A6-D7D3-451B-9E11-DF84505B660C}.Ad-Hoc|iPhone.Deploy.0 = Ad-Hoc|iPhone
		{864448A6-D7D3-451B-9E11-DF84505B660C}.Ad-Hoc|iPhoneSimulator.ActiveCfg = Ad-Hoc|iPhoneSimulator
		{864448A6-D7D3-451B-9E11-DF84505B660C}.Ad-Hoc|iPhoneSimulator.Build.0 = Ad-Hoc|iPhoneSimulator
		{864448A6-D7D3-451B-9E11-DF84505B660C}.Ad-Hoc|iPhoneSimulator.Deploy.0 = Ad-Hoc|iPhoneSimulator
		{864448A6-D7D3-451B-9E11-DF84505B660C}.AppStore|Any CPU.ActiveCfg = AppStore|iPhone
		{864448A6-D7D3-451B-9E11-DF84505B660C}.AppStore|Any CPU.Build.0 = AppStore|iPhone
		{864448A6-D7D3-451B-9E11-DF84505B660C}.AppStore|Any CPU.Deploy.0 = AppStore|iPhone
		{864448A6-D7D3-451B-9E11-DF84505B660C}.AppStore|iPhone.ActiveCfg = AppStore|iPhone
		{864448A6-D7D3-451B-9E11-DF84505B660C}.AppStore|iPhone.Build.0 = AppStore|iPhone
		{864448A6-D7D3-451B-9E11-DF84505B660C}.AppStore|iPhone.Deploy.0 = AppStore|iPhone
		{864448A6-D7D3-451B-9E11-DF84505B660C}.AppStore|iPhoneSimulator.ActiveCfg = AppStore|iPhoneSimulator
		{864448A6-D7D3-451B-9E11-DF84505B660C}.AppStore|iPhoneSimulator.Build.0 = AppStore|iPhoneSimulator
		{864448A6-D7D3-451B-9E11-DF84505B660C}.AppStore|iPhoneSimulator.Deploy.0 = AppStore|iPhoneSimulator
		{864448A6-D7D3-451B-9E11-DF84505B660C}.Debug|Any CPU.ActiveCfg = Debug|iPhoneSimulator
		{864448A6-D7D3-451B-9E11-DF84505B660C}.Debug|Any CPU.Build.0 = Debug|iPhoneSimulator
		{864448A6-D7D3-451B-9E11-DF84505B660C}.Debug|Any CPU.Deploy.0 = Debug|iPhoneSimulator
		{864448A6-D7D3-451B-9E11-DF84505B660C}.Debug|iPhone.ActiveCfg = Debug|iPhone
		{864448A6-D7D3-451B-9E11-DF84505B660C}.Debug|iPhone.Build.0 = Debug|iPhone
		{864448A6-D7D3-451B-9E11-DF84505B660C}.Debug|iPhone.Deploy.0 = Debug|iPhone
		{864448A6-D7D3-451B-9E11-DF84505B660C}.Debug|iPhoneSimulator.ActiveCfg = Debug|iPhoneSimulator
		{864448A6-D7D3-451B-9E11-DF84505B660C}.Debug|iPhoneSimulator.Build.0 = Debug|iPhoneSimulator
		{864448A6-D7D3-451B-9E11-DF84505B660C}.Debug|iPhoneSimulator.Deploy.0 = Debug|iPhoneSimulator
		{864448A6-D7D3-451B-9E11-DF84505B660C}.Release|Any CPU.ActiveCfg = Release|iPhone
		{864448A6-D7D3-451B-9E11-DF84505B660C}.Release|Any CPU.Build.0 = Release|iPhone
		{864448A6-D7D3-451B-9E11-DF84505B660C}.Release|Any CPU.Deploy.0 = Release|iPhone
		{864448A6-D7D3-451B-9E11-DF84505B660C}.Release|iPhone.ActiveCfg = Release|iPhone
		{864448A6-D7D3-451B-9E11-DF84505B660C}.Release|iPhone.Build.0 = Release|iPhone
		{864448A6-D7D3-451B-9E11-DF84505B660C}.Release|iPhone.Deploy.0 = Release|iPhone
		{864448A6-D7D3-451B-9E11-DF84505B660C}.Release|iPhoneSimulator.ActiveCfg = Release|iPhoneSimulator
		{864448A6-D7D3-451B-9E11-DF84505B660C}.Release|iPhoneSimulator.Build.0 = Release|iPhoneSimulator
		{864448A6-D7D3-451B-9E11-DF84505B660C}.Release|iPhoneSimulator.Deploy.0 = Release|iPhoneSimulator
		{108D7648-0B07-4349-BB18-599F93D7A55A}.Ad-Hoc|Any CPU.ActiveCfg = Debug|Any CPU
		{108D7648-0B07-4349-BB18-599F93D7A55A}.Ad-Hoc|Any CPU.Build.0 = Debug|Any CPU
		{108D7648-0B07-4349-BB18-599F93D7A55A}.Ad-Hoc|Any CPU.Deploy.0 = Debug|Any CPU
		{108D7648-0B07-4349-BB18-599F93D7A55A}.Ad-Hoc|iPhone.ActiveCfg = Debug|Any CPU
		{108D7648-0B07-4349-BB18-599F93D7A55A}.Ad-Hoc|iPhone.Build.0 = Debug|Any CPU
		{108D7648-0B07-4349-BB18-599F93D7A55A}.Ad-Hoc|iPhone.Deploy.0 = Debug|Any CPU
		{108D7648-0B07-4349-BB18-599F93D7A55A}.Ad-Hoc|iPhoneSimulator.ActiveCfg = Debug|Any CPU
		{108D7648-0B07-4349-BB18-599F93D7A55A}.Ad-Hoc|iPhoneSimulator.Build.0 = Debug|Any CPU
		{108D7648-0B07-4349-BB18-599F93D7A55A}.Ad-Hoc|iPhoneSimulator.Deploy.0 = Debug|Any CPU
		{108D7648-0B07-4349-BB18-599F93D7A55A}.AppStore|Any CPU.ActiveCfg = Debug|Any CPU
		{108D7648-0B07-4349-BB18-599F93D7A55A}.AppStore|Any CPU.Build.0 = Debug|Any CPU
		{108D7648-0B07-4349-BB18-599F93D7A55A}.AppStore|Any CPU.Deploy.0 = Debug|Any CPU
		{108D7648-0B07-4349-BB18-599F93D7A55A}.AppStore|iPhone.ActiveCfg = Debug|Any CPU
		{108D7648-0B07-4349-BB18-599F93D7A55A}.AppStore|iPhone.Build.0 = Debug|Any CPU
		{108D7648-0B07-4349-BB18-599F93D7A55A}.AppStore|iPhone.Deploy.0 = Debug|Any CPU
		{108D7648-0B07-4349-BB18-599F93D7A55A}.AppStore|iPhoneSimulator.ActiveCfg = Debug|Any CPU
		{108D7648-0B07-4349-BB18-599F93D7A55A}.AppStore|iPhoneSimulator.Build.0 = Debug|Any CPU
		{108D7648-0B07-4349-BB18-599F93D7A55A}.AppStore|iPhoneSimulator.Deploy.0 = Debug|Any CPU
		{108D7648-0B07-4349-BB18-599F93D7A55A}.Debug|Any CPU.ActiveCfg = Debug|Any CPU
		{108D7648-0B07-4349-BB18-599F93D7A55A}.Debug|Any CPU.Build.0 = Debug|Any CPU
		{108D7648-0B07-4349-BB18-599F93D7A55A}.Debug|Any CPU.Deploy.0 = Debug|Any CPU
		{108D7648-0B07-4349-BB18-599F93D7A55A}.Debug|iPhone.ActiveCfg = Debug|Any CPU
		{108D7648-0B07-4349-BB18-599F93D7A55A}.Debug|iPhone.Build.0 = Debug|Any CPU
		{108D7648-0B07-4349-BB18-599F93D7A55A}.Debug|iPhone.Deploy.0 = Debug|Any CPU
		{108D7648-0B07-4349-BB18-599F93D7A55A}.Debug|iPhoneSimulator.ActiveCfg = Debug|Any CPU
		{108D7648-0B07-4349-BB18-599F93D7A55A}.Debug|iPhoneSimulator.Build.0 = Debug|Any CPU
		{108D7648-0B07-4349-BB18-599F93D7A55A}.Debug|iPhoneSimulator.Deploy.0 = Debug|Any CPU
		{108D7648-0B07-4349-BB18-599F93D7A55A}.Release|Any CPU.ActiveCfg = Release|Any CPU
		{108D7648-0B07-4349-BB18-599F93D7A55A}.Release|Any CPU.Build.0 = Release|Any CPU
		{108D7648-0B07-4349-BB18-599F93D7A55A}.Release|Any CPU.Deploy.0 = Release|Any CPU
		{108D7648-0B07-4349-BB18-599F93D7A55A}.Release|iPhone.ActiveCfg = Release|Any CPU
		{108D7648-0B07-4349-BB18-599F93D7A55A}.Release|iPhone.Build.0 = Release|Any CPU
		{108D7648-0B07-4349-BB18-599F93D7A55A}.Release|iPhone.Deploy.0 = Release|Any CPU
		{108D7648-0B07-4349-BB18-599F93D7A55A}.Release|iPhoneSimulator.ActiveCfg = Release|Any CPU
		{108D7648-0B07-4349-BB18-599F93D7A55A}.Release|iPhoneSimulator.Build.0 = Release|Any CPU
		{108D7648-0B07-4349-BB18-599F93D7A55A}.Release|iPhoneSimulator.Deploy.0 = Release|Any CPU
	EndGlobalSection
	GlobalSection(SolutionProperties) = preSolution
		HideSolutionNode = FALSE
	EndGlobalSection
	GlobalSection(ExtensibilityGlobals) = postSolution
		SolutionGuid = {33185464-19C7-45BF-8A33-7FE75488927E}
	EndGlobalSection
EndGlobal
